
Microsoft Visual Studio Solution File, Format Version 12.00
# Visual Studio Version 16
VisualStudioVersion = 16.0.31205.134
MinimumVisualStudioVersion = 10.0.40219.1
Project("{FAE04EC0-301F-11D3-BF4B-00C04F79EFBC}") = "GameProject", "GameProject\GameProject.csproj", "{37F456A0-799D-4E84-92D1-98C1209D0F18}"
EndProject
Global
	GlobalSection(SolutionConfigurationPlatforms) = preSolution
		Debug|Any CPU = Debug|Any CPU
		Release|Any CPU = Release|Any CPU
	EndGlobalSection
	GlobalSection(ProjectConfigurationPlatforms) = postSolution
		{37F456A0-799D-4E84-92D1-98C1209D0F18}.Debug|Any CPU.ActiveCfg = Debug|Any CPU
		{37F456A0-799D-4E84-92D1-98C1209D0F18}.Debug|Any CPU.Build.0 = Debug|Any CPU
		{37F456A0-799D-4E84-92D1-98C1209D0F18}.Release|Any CPU.ActiveCfg = Release|Any CPU
		{37F456A0-799D-4E84-92D1-98C1209D0F18}.Release|Any CPU.Build.0 = Release|Any CPU
	EndGlobalSection
	GlobalSection(SolutionProperties) = preSolution
		HideSolutionNode = FALSE
	EndGlobalSection
	GlobalSection(ExtensibilityGlobals) = postSolution
		SolutionGuid = {07FE888B-D9F9-442A-86E1-A38157FB09D1}
	EndGlobalSection
EndGlobal
